// !$*UTF8*$!
{
	archiveVersion = 1;
	classes = {
	};
	objectVersion = 56;
	objects = {

/* Begin PBXBuildFile section */
		B6C873B628ED956700CD8081 /* DevBucksApp.swift in Sources */ = {isa = PBXBuildFile; fileRef = B6C873B528ED956700CD8081 /* DevBucksApp.swift */; };
		B6C873BA28ED956800CD8081 /* Assets.xcassets in Resources */ = {isa = PBXBuildFile; fileRef = B6C873B928ED956800CD8081 /* Assets.xcassets */; };
		B6C873BD28ED956800CD8081 /* Preview Assets.xcassets in Resources */ = {isa = PBXBuildFile; fileRef = B6C873BC28ED956800CD8081 /* Preview Assets.xcassets */; };
		B6C873C628ED95A700CD8081 /* ContentView.swift in Sources */ = {isa = PBXBuildFile; fileRef = B6C873C328ED95A700CD8081 /* ContentView.swift */; };
		B6C873C728ED95A700CD8081 /* MenuView.swift in Sources */ = {isa = PBXBuildFile; fileRef = B6C873C428ED95A700CD8081 /* MenuView.swift */; };
		B6C873C828ED95A700CD8081 /* Attributes.swift in Sources */ = {isa = PBXBuildFile; fileRef = B6C873C528ED95A700CD8081 /* Attributes.swift */; };
		B6C873D028ED968E00CD8081 /* WidgetKit.framework in Frameworks */ = {isa = PBXBuildFile; fileRef = B6C873CF28ED968E00CD8081 /* WidgetKit.framework */; };
		B6C873D228ED968E00CD8081 /* SwiftUI.framework in Frameworks */ = {isa = PBXBuildFile; fileRef = B6C873D128ED968E00CD8081 /* SwiftUI.framework */; };
		B6C873DB28ED968F00CD8081 /* Assets.xcassets in Resources */ = {isa = PBXBuildFile; fileRef = B6C873DA28ED968F00CD8081 /* Assets.xcassets */; };
		B6C873DF28ED968F00CD8081 /* LiveActivityExtension.appex in Embed Foundation Extensions */ = {isa = PBXBuildFile; fileRef = B6C873CD28ED968E00CD8081 /* LiveActivityExtension.appex */; settings = {ATTRIBUTES = (RemoveHeadersOnCopy, ); }; };
		B6C873E628ED96AF00CD8081 /* WidgetDemoLiveActivity.swift in Sources */ = {isa = PBXBuildFile; fileRef = B6C873E428ED96A300CD8081 /* WidgetDemoLiveActivity.swift */; };
		B6C873E728ED96B700CD8081 /* Attributes.swift in Sources */ = {isa = PBXBuildFile; fileRef = B6C873C528ED95A700CD8081 /* Attributes.swift */; };
/* End PBXBuildFile section */

/* Begin PBXContainerItemProxy section */
		B6C873DD28ED968F00CD8081 /* PBXContainerItemProxy */ = {
			isa = PBXContainerItemProxy;
			containerPortal = B6C873AA28ED956700CD8081 /* Project object */;
			proxyType = 1;
			remoteGlobalIDString = B6C873CC28ED968E00CD8081;
			remoteInfo = LiveActivityExtension;
		};
/* End PBXContainerItemProxy section */

/* Begin PBXCopyFilesBuildPhase section */
		B6C873E328ED968F00CD8081 /* Embed Foundation Extensions */ = {
			isa = PBXCopyFilesBuildPhase;
			buildActionMask = 2147483647;
			dstPath = "";
			dstSubfolderSpec = 13;
			files = (
				B6C873DF28ED968F00CD8081 /* LiveActivityExtension.appex in Embed Foundation Extensions */,
			);
			name = "Embed Foundation Extensions";
			runOnlyForDeploymentPostprocessing = 0;
		};
/* End PBXCopyFilesBuildPhase section */

/* Begin PBXFileReference section */
		B6C873B228ED956700CD8081 /* DevBucks.app */ = {isa = PBXFileReference; explicitFileType = wrapper.application; includeInIndex = 0; path = DevBucks.app; sourceTree = BUILT_PRODUCTS_DIR; };
		B6C873B528ED956700CD8081 /* DevBucksApp.swift */ = {isa = PBXFileReference; lastKnownFileType = sourcecode.swift; path = DevBucksApp.swift; sourceTree = "<group>"; };
		B6C873B928ED956800CD8081 /* Assets.xcassets */ = {isa = PBXFileReference; lastKnownFileType = folder.assetcatalog; path = Assets.xcassets; sourceTree = "<group>"; };
		B6C873BC28ED956800CD8081 /* Preview Assets.xcassets */ = {isa = PBXFileReference; lastKnownFileType = folder.assetcatalog; path = "Preview Assets.xcassets"; sourceTree = "<group>"; };
		B6C873C328ED95A700CD8081 /* ContentView.swift */ = {isa = PBXFileReference; fileEncoding = 4; lastKnownFileType = sourcecode.swift; path = ContentView.swift; sourceTree = "<group>"; };
		B6C873C428ED95A700CD8081 /* MenuView.swift */ = {isa = PBXFileReference; fileEncoding = 4; lastKnownFileType = sourcecode.swift; path = MenuView.swift; sourceTree = "<group>"; };
		B6C873C528ED95A700CD8081 /* Attributes.swift */ = {isa = PBXFileReference; fileEncoding = 4; lastKnownFileType = sourcecode.swift; path = Attributes.swift; sourceTree = "<group>"; };
		B6C873CD28ED968E00CD8081 /* LiveActivityExtension.appex */ = {isa = PBXFileReference; explicitFileType = "wrapper.app-extension"; includeInIndex = 0; path = LiveActivityExtension.appex; sourceTree = BUILT_PRODUCTS_DIR; };
		B6C873CF28ED968E00CD8081 /* WidgetKit.framework */ = {isa = PBXFileReference; lastKnownFileType = wrapper.framework; name = WidgetKit.framework; path = System/Library/Frameworks/WidgetKit.framework; sourceTree = SDKROOT; };
		B6C873D128ED968E00CD8081 /* SwiftUI.framework */ = {isa = PBXFileReference; lastKnownFileType = wrapper.framework; name = SwiftUI.framework; path = System/Library/Frameworks/SwiftUI.framework; sourceTree = SDKROOT; };
		B6C873DA28ED968F00CD8081 /* Assets.xcassets */ = {isa = PBXFileReference; lastKnownFileType = folder.assetcatalog; path = Assets.xcassets; sourceTree = "<group>"; };
		B6C873DC28ED968F00CD8081 /* Info.plist */ = {isa = PBXFileReference; lastKnownFileType = text.plist.xml; path = Info.plist; sourceTree = "<group>"; };
		B6C873E428ED96A300CD8081 /* WidgetDemoLiveActivity.swift */ = {isa = PBXFileReference; fileEncoding = 4; lastKnownFileType = sourcecode.swift; path = WidgetDemoLiveActivity.swift; sourceTree = "<group>"; };
/* End PBXFileReference section */

/* Begin PBXFrameworksBuildPhase section */
		B6C873AF28ED956700CD8081 /* Frameworks */ = {
			isa = PBXFrameworksBuildPhase;
			buildActionMask = 2147483647;
			files = (
			);
			runOnlyForDeploymentPostprocessing = 0;
		};
		B6C873CA28ED968E00CD8081 /* Frameworks */ = {
			isa = PBXFrameworksBuildPhase;
			buildActionMask = 2147483647;
			files = (
				B6C873D228ED968E00CD8081 /* SwiftUI.framework in Frameworks */,
				B6C873D028ED968E00CD8081 /* WidgetKit.framework in Frameworks */,
			);
			runOnlyForDeploymentPostprocessing = 0;
		};
/* End PBXFrameworksBuildPhase section */

/* Begin PBXGroup section */
		B6C873A928ED956700CD8081 = {
			isa = PBXGroup;
			children = (
				B6C873B428ED956700CD8081 /* DevBucks */,
				B6C873D328ED968E00CD8081 /* LiveActivity */,
				B6C873CE28ED968E00CD8081 /* Frameworks */,
				B6C873B328ED956700CD8081 /* Products */,
			);
			sourceTree = "<group>";
		};
		B6C873B328ED956700CD8081 /* Products */ = {
			isa = PBXGroup;
			children = (
				B6C873B228ED956700CD8081 /* DevBucks.app */,
				B6C873CD28ED968E00CD8081 /* LiveActivityExtension.appex */,
			);
			name = Products;
			sourceTree = "<group>";
		};
		B6C873B428ED956700CD8081 /* DevBucks */ = {
			isa = PBXGroup;
			children = (
				B6C873B528ED956700CD8081 /* DevBucksApp.swift */,
				B6C873C328ED95A700CD8081 /* ContentView.swift */,
				B6C873C428ED95A700CD8081 /* MenuView.swift */,
				B6C873C528ED95A700CD8081 /* Attributes.swift */,
				B6C873B928ED956800CD8081 /* Assets.xcassets */,
				B6C873BB28ED956800CD8081 /* Preview Content */,
			);
			path = DevBucks;
			sourceTree = "<group>";
		};
		B6C873BB28ED956800CD8081 /* Preview Content */ = {
			isa = PBXGroup;
			children = (
				B6C873BC28ED956800CD8081 /* Preview Assets.xcassets */,
			);
			path = "Preview Content";
			sourceTree = "<group>";
		};
		B6C873CE28ED968E00CD8081 /* Frameworks */ = {
			isa = PBXGroup;
			children = (
				B6C873CF28ED968E00CD8081 /* WidgetKit.framework */,
				B6C873D128ED968E00CD8081 /* SwiftUI.framework */,
			);
			name = Frameworks;
			sourceTree = "<group>";
		};
		B6C873D328ED968E00CD8081 /* LiveActivity */ = {
			isa = PBXGroup;
			children = (
				B6C873DA28ED968F00CD8081 /* Assets.xcassets */,
				B6C873E428ED96A300CD8081 /* WidgetDemoLiveActivity.swift */,
				B6C873DC28ED968F00CD8081 /* Info.plist */,
			);
			path = LiveActivity;
			sourceTree = "<group>";
		};
/* End PBXGroup section */

/* Begin PBXNativeTarget section */
		B6C873B128ED956700CD8081 /* DevBucks */ = {
			isa = PBXNativeTarget;
			buildConfigurationList = B6C873C028ED956800CD8081 /* Build configuration list for PBXNativeTarget "DevBucks" */;
			buildPhases = (
				B6C873AE28ED956700CD8081 /* Sources */,
				B6C873AF28ED956700CD8081 /* Frameworks */,
				B6C873B028ED956700CD8081 /* Resources */,
				B6C873E328ED968F00CD8081 /* Embed Foundation Extensions */,
			);
			buildRules = (
			);
			dependencies = (
				B6C873DE28ED968F00CD8081 /* PBXTargetDependency */,
			);
			name = DevBucks;
			productName = DevBucks;
			productReference = B6C873B228ED956700CD8081 /* DevBucks.app */;
			productType = "com.apple.product-type.application";
		};
		B6C873CC28ED968E00CD8081 /* LiveActivityExtension */ = {
			isa = PBXNativeTarget;
			buildConfigurationList = B6C873E028ED968F00CD8081 /* Build configuration list for PBXNativeTarget "LiveActivityExtension" */;
			buildPhases = (
				B6C873C928ED968E00CD8081 /* Sources */,
				B6C873CA28ED968E00CD8081 /* Frameworks */,
				B6C873CB28ED968E00CD8081 /* Resources */,
			);
			buildRules = (
			);
			dependencies = (
			);
			name = LiveActivityExtension;
			productName = LiveActivityExtension;
			productReference = B6C873CD28ED968E00CD8081 /* LiveActivityExtension.appex */;
			productType = "com.apple.product-type.app-extension";
		};
/* End PBXNativeTarget section */

/* Begin PBXProject section */
		B6C873AA28ED956700CD8081 /* Project object */ = {
			isa = PBXProject;
			attributes = {
				BuildIndependentTargetsInParallel = 1;
				LastSwiftUpdateCheck = 1410;
				LastUpgradeCheck = 1410;
				TargetAttributes = {
					B6C873B128ED956700CD8081 = {
						CreatedOnToolsVersion = 14.1;
					};
					B6C873CC28ED968E00CD8081 = {
						CreatedOnToolsVersion = 14.1;
					};
				};
			};
			buildConfigurationList = B6C873AD28ED956700CD8081 /* Build configuration list for PBXProject "DevBucks" */;
			compatibilityVersion = "Xcode 14.0";
			developmentRegion = en;
			hasScannedForEncodings = 0;
			knownRegions = (
				en,
				Base,
			);
			mainGroup = B6C873A928ED956700CD8081;
			productRefGroup = B6C873B328ED956700CD8081 /* Products */;
			projectDirPath = "";
			projectRoot = "";
			targets = (
				B6C873B128ED956700CD8081 /* DevBucks */,
				B6C873CC28ED968E00CD8081 /* LiveActivityExtension */,
			);
		};
/* End PBXProject section */

/* Begin PBXResourcesBuildPhase section */
		B6C873B028ED956700CD8081 /* Resources */ = {
			isa = PBXResourcesBuildPhase;
			buildActionMask = 2147483647;
			files = (
				B6C873BD28ED956800CD8081 /* Preview Assets.xcassets in Resources */,
				B6C873BA28ED956800CD8081 /* Assets.xcassets in Resources */,
			);
			runOnlyForDeploymentPostprocessing = 0;
		};
		B6C873CB28ED968E00CD8081 /* Resources */ = {
			isa = PBXResourcesBuildPhase;
			buildActionMask = 2147483647;
			files = (
				B6C873DB28ED968F00CD8081 /* Assets.xcassets in Resources */,
			);
			runOnlyForDeploymentPostprocessing = 0;
		};
/* End PBXResourcesBuildPhase section */

/* Begin PBXSourcesBuildPhase section */
		B6C873AE28ED956700CD8081 /* Sources */ = {
			isa = PBXSourcesBuildPhase;
			buildActionMask = 2147483647;
			files = (
				B6C873C628ED95A700CD8081 /* ContentView.swift in Sources */,
				B6C873C728ED95A700CD8081 /* MenuView.swift in Sources */,
				B6C873C828ED95A700CD8081 /* Attributes.swift in Sources */,
				B6C873B628ED956700CD8081 /* DevBucksApp.swift in Sources */,
			);
			runOnlyForDeploymentPostprocessing = 0;
		};
		B6C873C928ED968E00CD8081 /* Sources */ = {
			isa = PBXSourcesBuildPhase;
			buildActionMask = 2147483647;
			files = (
				B6C873E728ED96B700CD8081 /* Attributes.swift in Sources */,
				B6C873E628ED96AF00CD8081 /* WidgetDemoLiveActivity.swift in Sources */,
			);
			runOnlyForDeploymentPostprocessing = 0;
		};
/* End PBXSourcesBuildPhase section */

/* Begin PBXTargetDependency section */
		B6C873DE28ED968F00CD8081 /* PBXTargetDependency */ = {
			isa = PBXTargetDependency;
			target = B6C873CC28ED968E00CD8081 /* LiveActivityExtension */;
			targetProxy = B6C873DD28ED968F00CD8081 /* PBXContainerItemProxy */;
		};
/* End PBXTargetDependency section */

/* Begin XCBuildConfiguration section */
		B6C873BE28ED956800CD8081 /* Debug */ = {
			isa = XCBuildConfiguration;
			buildSettings = {
				ALWAYS_SEARCH_USER_PATHS = NO;
				CLANG_ANALYZER_NONNULL = YES;
				CLANG_ANALYZER_NUMBER_OBJECT_CONVERSION = YES_AGGRESSIVE;
				CLANG_CXX_LANGUAGE_STANDARD = "gnu++20";
				CLANG_ENABLE_MODULES = YES;
				CLANG_ENABLE_OBJC_ARC = YES;
				CLANG_ENABLE_OBJC_WEAK = YES;
				CLANG_WARN_BLOCK_CAPTURE_AUTORELEASING = YES;
				CLANG_WARN_BOOL_CONVERSION = YES;
				CLANG_WARN_COMMA = YES;
				CLANG_WARN_CONSTANT_CONVERSION = YES;
				CLANG_WARN_DEPRECATED_OBJC_IMPLEMENTATIONS = YES;
				CLANG_WARN_DIRECT_OBJC_ISA_USAGE = YES_ERROR;
				CLANG_WARN_DOCUMENTATION_COMMENTS = YES;
				CLANG_WARN_EMPTY_BODY = YES;
				CLANG_WARN_ENUM_CONVERSION = YES;
				CLANG_WARN_INFINITE_RECURSION = YES;
				CLANG_WARN_INT_CONVERSION = YES;
				CLANG_WARN_NON_LITERAL_NULL_CONVERSION = YES;
				CLANG_WARN_OBJC_IMPLICIT_RETAIN_SELF = YES;
				CLANG_WARN_OBJC_LITERAL_CONVERSION = YES;
				CLANG_WARN_OBJC_ROOT_CLASS = YES_ERROR;
				CLANG_WARN_QUOTED_INCLUDE_IN_FRAMEWORK_HEADER = YES;
				CLANG_WARN_RANGE_LOOP_ANALYSIS = YES;
				CLANG_WARN_STRICT_PROTOTYPES = YES;
				CLANG_WARN_SUSPICIOUS_MOVE = YES;
				CLANG_WARN_UNGUARDED_AVAILABILITY = YES_AGGRESSIVE;
				CLANG_WARN_UNREACHABLE_CODE = YES;
				CLANG_WARN__DUPLICATE_METHOD_MATCH = YES;
				COPY_PHASE_STRIP = NO;
				DEBUG_INFORMATION_FORMAT = dwarf;
				ENABLE_STRICT_OBJC_MSGSEND = YES;
				ENABLE_TESTABILITY = YES;
				GCC_C_LANGUAGE_STANDARD = gnu11;
				GCC_DYNAMIC_NO_PIC = NO;
				GCC_NO_COMMON_BLOCKS = YES;
				GCC_OPTIMIZATION_LEVEL = 0;
				GCC_PREPROCESSOR_DEFINITIONS = (
					"DEBUG=1",
					"$(inherited)",
				);
				GCC_WARN_64_TO_32_BIT_CONVERSION = YES;
				GCC_WARN_ABOUT_RETURN_TYPE = YES_ERROR;
				GCC_WARN_UNDECLARED_SELECTOR = YES;
				GCC_WARN_UNINITIALIZED_AUTOS = YES_AGGRESSIVE;
				GCC_WARN_UNUSED_FUNCTION = YES;
				GCC_WARN_UNUSED_VARIABLE = YES;
				IPHONEOS_DEPLOYMENT_TARGET = 16.1;
				MTL_ENABLE_DEBUG_INFO = INCLUDE_SOURCE;
				MTL_FAST_MATH = YES;
				ONLY_ACTIVE_ARCH = YES;
				SDKROOT = iphoneos;
				SWIFT_ACTIVE_COMPILATION_CONDITIONS = DEBUG;
				SWIFT_OPTIMIZATION_LEVEL = "-Onone";
			};
			name = Debug;
		};
		B6C873BF28ED956800CD8081 /* Release */ = {
			isa = XCBuildConfiguration;
			buildSettings = {
				ALWAYS_SEARCH_USER_PATHS = NO;
				CLANG_ANALYZER_NONNULL = YES;
				CLANG_ANALYZER_NUMBER_OBJECT_CONVERSION = YES_AGGRESSIVE;
				CLANG_CXX_LANGUAGE_STANDARD = "gnu++20";
				CLANG_ENABLE_MODULES = YES;
				CLANG_ENABLE_OBJC_ARC = YES;
				CLANG_ENABLE_OBJC_WEAK = YES;
				CLANG_WARN_BLOCK_CAPTURE_AUTORELEASING = YES;
				CLANG_WARN_BOOL_CONVERSION = YES;
				CLANG_WARN_COMMA = YES;
				CLANG_WARN_CONSTANT_CONVERSION = YES;
				CLANG_WARN_DEPRECATED_OBJC_IMPLEMENTATIONS = YES;
				CLANG_WARN_DIRECT_OBJC_ISA_USAGE = YES_ERROR;
				CLANG_WARN_DOCUMENTATION_COMMENTS = YES;
				CLANG_WARN_EMPTY_BODY = YES;
				CLANG_WARN_ENUM_CONVERSION = YES;
				CLANG_WARN_INFINITE_RECURSION = YES;
				CLANG_WARN_INT_CONVERSION = YES;
				CLANG_WARN_NON_LITERAL_NULL_CONVERSION = YES;
				CLANG_WARN_OBJC_IMPLICIT_RETAIN_SELF = YES;
				CLANG_WARN_OBJC_LITERAL_CONVERSION = YES;
				CLANG_WARN_OBJC_ROOT_CLASS = YES_ERROR;
				CLANG_WARN_QUOTED_INCLUDE_IN_FRAMEWORK_HEADER = YES;
				CLANG_WARN_RANGE_LOOP_ANALYSIS = YES;
				CLANG_WARN_STRICT_PROTOTYPES = YES;
				CLANG_WARN_SUSPICIOUS_MOVE = YES;
				CLANG_WARN_UNGUARDED_AVAILABILITY = YES_AGGRESSIVE;
				CLANG_WARN_UNREACHABLE_CODE = YES;
				CLANG_WARN__DUPLICATE_METHOD_MATCH = YES;
				COPY_PHASE_STRIP = NO;
				DEBUG_INFORMATION_FORMAT = "dwarf-with-dsym";
				ENABLE_NS_ASSERTIONS = NO;
				ENABLE_STRICT_OBJC_MSGSEND = YES;
				GCC_C_LANGUAGE_STANDARD = gnu11;
				GCC_NO_COMMON_BLOCKS = YES;
				GCC_WARN_64_TO_32_BIT_CONVERSION = YES;
				GCC_WARN_ABOUT_RETURN_TYPE = YES_ERROR;
				GCC_WARN_UNDECLARED_SELECTOR = YES;
				GCC_WARN_UNINITIALIZED_AUTOS = YES_AGGRESSIVE;
				GCC_WARN_UNUSED_FUNCTION = YES;
				GCC_WARN_UNUSED_VARIABLE = YES;
				IPHONEOS_DEPLOYMENT_TARGET = 16.1;
				MTL_ENABLE_DEBUG_INFO = NO;
				MTL_FAST_MATH = YES;
				SDKROOT = iphoneos;
				SWIFT_COMPILATION_MODE = wholemodule;
				SWIFT_OPTIMIZATION_LEVEL = "-O";
				VALIDATE_PRODUCT = YES;
			};
			name = Release;
		};
		B6C873C128ED956800CD8081 /* Debug */ = {
			isa = XCBuildConfiguration;
			buildSettings = {
				ALWAYS_EMBED_SWIFT_STANDARD_LIBRARIES = YES;
				ASSETCATALOG_COMPILER_APPICON_NAME = AppIcon;
				ASSETCATALOG_COMPILER_GLOBAL_ACCENT_COLOR_NAME = AccentColor;
				CODE_SIGN_STYLE = Automatic;
				CURRENT_PROJECT_VERSION = 1;
				DEVELOPMENT_ASSET_PATHS = "\"DevBucks/Preview Content\"";
				DEVELOPMENT_TEAM = AFU28XCKKE;
				ENABLE_PREVIEWS = YES;
				GENERATE_INFOPLIST_FILE = YES;
				INFOPLIST_KEY_NSSupportsLiveActivities = YES;
				INFOPLIST_KEY_UIApplicationSceneManifest_Generation = YES;
				INFOPLIST_KEY_UIApplicationSupportsIndirectInputEvents = YES;
				INFOPLIST_KEY_UILaunchScreen_Generation = YES;
				INFOPLIST_KEY_UISupportedInterfaceOrientations_iPad = "UIInterfaceOrientationPortrait UIInterfaceOrientationPortraitUpsideDown UIInterfaceOrientationLandscapeLeft UIInterfaceOrientationLandscapeRight";
				INFOPLIST_KEY_UISupportedInterfaceOrientations_iPhone = "UIInterfaceOrientationPortrait UIInterfaceOrientationLandscapeLeft UIInterfaceOrientationLandscapeRight";
				LD_RUNPATH_SEARCH_PATHS = (
					"$(inherited)",
					"@executable_path/Frameworks",
				);
				MARKETING_VERSION = 1.0;
				PRODUCT_BUNDLE_IDENTIFIER = com.test.devbucks.DevBucks;
				PRODUCT_NAME = "$(TARGET_NAME)";
				SWIFT_EMIT_LOC_STRINGS = YES;
				SWIFT_VERSION = 5.0;
				TARGETED_DEVICE_FAMILY = "1,2";
			};
			name = Debug;
		};
		B6C873C228ED956800CD8081 /* Release */ = {
			isa = XCBuildConfiguration;
			buildSettings = {
				ALWAYS_EMBED_SWIFT_STANDARD_LIBRARIES = YES;
				ASSETCATALOG_COMPILER_APPICON_NAME = AppIcon;
				ASSETCATALOG_COMPILER_GLOBAL_ACCENT_COLOR_NAME = AccentColor;
				CODE_SIGN_STYLE = Automatic;
				CURRENT_PROJECT_VERSION = 1;
				DEVELOPMENT_ASSET_PATHS = "\"DevBucks/Preview Content\"";
				DEVELOPMENT_TEAM = AFU28XCKKE;
				ENABLE_PREVIEWS = YES;
				GENERATE_INFOPLIST_FILE = YES;
				INFOPLIST_KEY_NSSupportsLiveActivities = YES;
				INFOPLIST_KEY_UIApplicationSceneManifest_Generation = YES;
				INFOPLIST_KEY_UIApplicationSupportsIndirectInputEvents = YES;
				INFOPLIST_KEY_UILaunchScreen_Generation = YES;
				INFOPLIST_KEY_UISupportedInterfaceOrientations_iPad = "UIInterfaceOrientationPortrait UIInterfaceOrientationPortraitUpsideDown UIInterfaceOrientationLandscapeLeft UIInterfaceOrientationLandscapeRight";
				INFOPLIST_KEY_UISupportedInterfaceOrientations_iPhone = "UIInterfaceOrientationPortrait UIInterfaceOrientationLandscapeLeft UIInterfaceOrientationLandscapeRight";
				LD_RUNPATH_SEARCH_PATHS = (
					"$(inherited)",
					"@executable_path/Frameworks",
				);
				MARKETING_VERSION = 1.0;
				PRODUCT_BUNDLE_IDENTIFIER = com.test.devbucks.DevBucks;
				PRODUCT_NAME = "$(TARGET_NAME)";
				SWIFT_EMIT_LOC_STRINGS = YES;
				SWIFT_VERSION = 5.0;
				TARGETED_DEVICE_FAMILY = "1,2";
			};
			name = Release;
		};
		B6C873E128ED968F00CD8081 /* Debug */ = {
			isa = XCBuildConfiguration;
			buildSettings = {
				ASSETCATALOG_COMPILER_GLOBAL_ACCENT_COLOR_NAME = AccentColor;
				ASSETCATALOG_COMPILER_WIDGET_BACKGROUND_COLOR_NAME = WidgetBackground;
				CODE_SIGN_STYLE = Automatic;
				CURRENT_PROJECT_VERSION = 1;
				DEVELOPMENT_TEAM = AFU28XCKKE;
				GENERATE_INFOPLIST_FILE = YES;
				INFOPLIST_FILE = LiveActivity/Info.plist;
				INFOPLIST_KEY_CFBundleDisplayName = LiveActivity;
				INFOPLIST_KEY_NSHumanReadableCopyright = "";
				LD_RUNPATH_SEARCH_PATHS = (
					"$(inherited)",
					"@executable_path/Frameworks",
					"@executable_path/../../Frameworks",
				);
				MARKETING_VERSION = 1.0;
				PRODUCT_BUNDLE_IDENTIFIER = com.test.devbucks.DevBucks.LiveActivity;
				PRODUCT_NAME = "$(TARGET_NAME)";
				SKIP_INSTALL = YES;
				SWIFT_EMIT_LOC_STRINGS = YES;
				SWIFT_VERSION = 5.0;
				TARGETED_DEVICE_FAMILY = "1,2";
			};
			name = Debug;
		};
		B6C873E228ED968F00CD8081 /* Release */ = {
			isa = XCBuildConfiguration;
			buildSettings = {
				ASSETCATALOG_COMPILER_GLOBAL_ACCENT_COLOR_NAME = AccentColor;
				ASSETCATALOG_COMPILER_WIDGET_BACKGROUND_COLOR_NAME = WidgetBackground;
				CODE_SIGN_STYLE = Automatic;
				CURRENT_PROJECT_VERSION = 1;
				DEVELOPMENT_TEAM = AFU28XCKKE;
				GENERATE_INFOPLIST_FILE = YES;
				INFOPLIST_FILE = LiveActivity/Info.plist;
				INFOPLIST_KEY_CFBundleDisplayName = LiveActivity;
				INFOPLIST_KEY_NSHumanReadableCopyright = "";
				LD_RUNPATH_SEARCH_PATHS = (
					"$(inherited)",
					"@executable_path/Frameworks",
					"@executable_path/../../Frameworks",
				);
				MARKETING_VERSION = 1.0;
				PRODUCT_BUNDLE_IDENTIFIER = com.test.devbucks.DevBucks.LiveActivity;
				PRODUCT_NAME = "$(TARGET_NAME)";
				SKIP_INSTALL = YES;
				SWIFT_EMIT_LOC_STRINGS = YES;
				SWIFT_VERSION = 5.0;
				TARGETED_DEVICE_FAMILY = "1,2";
			};
			name = Release;
		};
/* End XCBuildConfiguration section */

/* Begin XCConfigurationList section */
		B6C873AD28ED956700CD8081 /* Build configuration list for PBXProject "DevBucks" */ = {
			isa = XCConfigurationList;
			buildConfigurations = (
				B6C873BE28ED956800CD8081 /* Debug */,
				B6C873BF28ED956800CD8081 /* Release */,
			);
			defaultConfigurationIsVisible = 0;
			defaultConfigurationName = Release;
		};
		B6C873C028ED956800CD8081 /* Build configuration list for PBXNativeTarget "DevBucks" */ = {
			isa = XCConfigurationList;
			buildConfigurations = (
				B6C873C128ED956800CD8081 /* Debug */,
				B6C873C228ED956800CD8081 /* Release */,
			);
			defaultConfigurationIsVisible = 0;
			defaultConfigurationName = Release;
		};
		B6C873E028ED968F00CD8081 /* Build configuration list for PBXNativeTarget "LiveActivityExtension" */ = {
			isa = XCConfigurationList;
			buildConfigurations = (
				B6C873E128ED968F00CD8081 /* Debug */,
				B6C873E228ED968F00CD8081 /* Release */,
			);
			defaultConfigurationIsVisible = 0;
			defaultConfigurationName = Release;
		};
/* End XCConfigurationList section */
	};
	rootObject = B6C873AA28ED956700CD8081 /* Project object */;
}
